
Microsoft Visual Studio Solution File, Format Version 12.00
# Visual Studio Version 17
VisualStudioVersion = 17.7.34302.85
MinimumVisualStudioVersion = 10.0.40219.1
Project("{FAE04EC0-301F-11D3-BF4B-00C04F79EFBC}") = "SereneScript.WebApp", "SereneScript.WebApp\SereneScript.WebApp.csproj", "{4F20B21A-FF9E-48A2-895C-6A3C70732494}"
EndProject
Project("{FAE04EC0-301F-11D3-BF4B-00C04F79EFBC}") = "SereneScript.System", "SereneScript.System\SereneScript.System.csproj", "{545E8D54-BC99-4C76-BAC4-EF0C25E2A602}"
EndProject
Global
	GlobalSection(SolutionConfigurationPlatforms) = preSolution
		Debug|Any CPU = Debug|Any CPU
		Release|Any CPU = Release|Any CPU
	EndGlobalSection
	GlobalSection(ProjectConfigurationPlatforms) = postSolution
		{4F20B21A-FF9E-48A2-895C-6A3C70732494}.Debug|Any CPU.ActiveCfg = Debug|Any CPU
		{4F20B21A-FF9E-48A2-895C-6A3C70732494}.Debug|Any CPU.Build.0 = Debug|Any CPU
		{4F20B21A-FF9E-48A2-895C-6A3C70732494}.Release|Any CPU.ActiveCfg = Release|Any CPU
		{4F20B21A-FF9E-48A2-895C-6A3C70732494}.Release|Any CPU.Build.0 = Release|Any CPU
		{545E8D54-BC99-4C76-BAC4-EF0C25E2A602}.Debug|Any CPU.ActiveCfg = Debug|Any CPU
		{545E8D54-BC99-4C76-BAC4-EF0C25E2A602}.Debug|Any CPU.Build.0 = Debug|Any CPU
		{545E8D54-BC99-4C76-BAC4-EF0C25E2A602}.Release|Any CPU.ActiveCfg = Release|Any CPU
		{545E8D54-BC99-4C76-BAC4-EF0C25E2A602}.Release|Any CPU.Build.0 = Release|Any CPU
	EndGlobalSection
	GlobalSection(SolutionProperties) = preSolution
		HideSolutionNode = FALSE
	EndGlobalSection
	GlobalSection(ExtensibilityGlobals) = postSolution
		SolutionGuid = {25A1D787-927C-4C10-815B-3A7FA982BBAF}
	EndGlobalSection
EndGlobal
